dependencies:
- name: mariadb
  repository: https://nicholaswilde.github.io/helm-charts/
  version: 0.1.1
- name: redis
  repository: https://groundhog2k.github.io/helm-charts/
  version: 0.3.1
digest: sha256:8273c4f0d4d30601143043cb98d1fea5727f80334cd4f43b4ea8df276cb708b1
generated: "2022-02-20T14:20:27.138151829+01:00"
